
Microsoft Visual Studio Solution File, Format Version 12.00
# Visual Studio Version 17
VisualStudioVersion = 17.4.33205.214
MinimumVisualStudioVersion = 10.0.40219.1
Project("{888888A0-9F3D-457C-B088-3A5042F75D52}") = "PygameArturDombrovski6ulesanne", "PygameArturDombrovski6ulesanne\PygameArturDombrovski6ulesanne.pyproj", "{02C0791F-47A7-40F1-8648-3D8B5C499851}"
EndProject
Global
	GlobalSection(SolutionConfigurationPlatforms) = preSolution
		Debug|Any CPU = Debug|Any CPU
		Release|Any CPU = Release|Any CPU
	EndGlobalSection
	GlobalSection(ProjectConfigurationPlatforms) = postSolution
		{02C0791F-47A7-40F1-8648-3D8B5C499851}.Debug|Any CPU.ActiveCfg = Debug|Any CPU
		{02C0791F-47A7-40F1-8648-3D8B5C499851}.Release|Any CPU.ActiveCfg = Release|Any CPU
	EndGlobalSection
	GlobalSection(SolutionProperties) = preSolution
		HideSolutionNode = FALSE
	EndGlobalSection
	GlobalSection(ExtensibilityGlobals) = postSolution
		SolutionGuid = {517F411A-7305-4A3F-B14F-E333A22847A1}
	EndGlobalSection
EndGlobal
